
Microsoft Visual Studio Solution File, Format Version 12.00
# Visual Studio Version 17
VisualStudioVersion = 17.4.33110.190
MinimumVisualStudioVersion = 10.0.40219.1
Project("{FAE04EC0-301F-11D3-BF4B-00C04F79EFBC}") = "CodePatternsBackend", "CodePatternsBackend.csproj", "{AAE675EA-5EEF-467C-9442-B71BDAB3984B}"
EndProject
Global
	GlobalSection(SolutionConfigurationPlatforms) = preSolution
		Debug|Any CPU = Debug|Any CPU
		Release|Any CPU = Release|Any CPU
	EndGlobalSection
	GlobalSection(ProjectConfigurationPlatforms) = postSolution
		{AAE675EA-5EEF-467C-9442-B71BDAB3984B}.Debug|Any CPU.ActiveCfg = Debug|Any CPU
		{AAE675EA-5EEF-467C-9442-B71BDAB3984B}.Debug|Any CPU.Build.0 = Debug|Any CPU
		{AAE675EA-5EEF-467C-9442-B71BDAB3984B}.Release|Any CPU.ActiveCfg = Release|Any CPU
		{AAE675EA-5EEF-467C-9442-B71BDAB3984B}.Release|Any CPU.Build.0 = Release|Any CPU
	EndGlobalSection
	GlobalSection(SolutionProperties) = preSolution
		HideSolutionNode = FALSE
	EndGlobalSection
	GlobalSection(ExtensibilityGlobals) = postSolution
		SolutionGuid = {FE2478D9-4019-4CBF-BAE3-C4E5D722199B}
	EndGlobalSection
EndGlobal
